// !$*UTF8*$!
{
	archiveVersion = 1;
	classes = {
	};
	objectVersion = 46;
	objects = {

/* Begin PBXAggregateTarget section */
		"FlexibleImage::FlexibleImagePackageTests::ProductTarget" /* FlexibleImagePackageTests */ = {
			isa = PBXAggregateTarget;
			buildConfigurationList = OBJ_160 /* Build configuration list for PBXAggregateTarget "FlexibleImagePackageTests" */;
			buildPhases = (
			);
			dependencies = (
				OBJ_163 /* PBXTargetDependency */,
			);
			name = FlexibleImagePackageTests;
			productName = FlexibleImagePackageTests;
		};
/* End PBXAggregateTarget section */

/* Begin PBXBuildFile section */
		OBJ_102 /* ImageDevice.swift in Sources */ = {isa = PBXBuildFile; fileRef = OBJ_10 /* ImageDevice.swift */; };
		OBJ_103 /* ImageFilter.swift in Sources */ = {isa = PBXBuildFile; fileRef = OBJ_11 /* ImageFilter.swift */; };
		OBJ_104 /* ImageMetalDevice.swift in Sources */ = {isa = PBXBuildFile; fileRef = OBJ_13 /* ImageMetalDevice.swift */; };
		OBJ_105 /* ImageNoneDevice.swift in Sources */ = {isa = PBXBuildFile; fileRef = OBJ_14 /* ImageNoneDevice.swift */; };
		OBJ_106 /* AddFilter.swift in Sources */ = {isa = PBXBuildFile; fileRef = OBJ_16 /* AddFilter.swift */; };
		OBJ_107 /* AverageFilter.swift in Sources */ = {isa = PBXBuildFile; fileRef = OBJ_17 /* AverageFilter.swift */; };
		OBJ_108 /* BlurFilter.swift in Sources */ = {isa = PBXBuildFile; fileRef = OBJ_18 /* BlurFilter.swift */; };
		OBJ_109 /* BrightnessFilter.swift in Sources */ = {isa = PBXBuildFile; fileRef = OBJ_19 /* BrightnessFilter.swift */; };
		OBJ_110 /* ChromaKeyFilter.swift in Sources */ = {isa = PBXBuildFile; fileRef = OBJ_20 /* ChromaKeyFilter.swift */; };
		OBJ_111 /* ColorBurnFilter.swift in Sources */ = {isa = PBXBuildFile; fileRef = OBJ_21 /* ColorBurnFilter.swift */; };
		OBJ_112 /* ColorDodgeFilter.swift in Sources */ = {isa = PBXBuildFile; fileRef = OBJ_22 /* ColorDodgeFilter.swift */; };
		OBJ_113 /* ColorFilter.swift in Sources */ = {isa = PBXBuildFile; fileRef = OBJ_23 /* ColorFilter.swift */; };
		OBJ_114 /* ContrastFilter.swift in Sources */ = {isa = PBXBuildFile; fileRef = OBJ_24 /* ContrastFilter.swift */; };
		OBJ_115 /* DarkenFilter.swift in Sources */ = {isa = PBXBuildFile; fileRef = OBJ_25 /* DarkenFilter.swift */; };
		OBJ_116 /* DifferenceFilter.swift in Sources */ = {isa = PBXBuildFile; fileRef = OBJ_26 /* DifferenceFilter.swift */; };
		OBJ_117 /* ExclusionFilter.swift in Sources */ = {isa = PBXBuildFile; fileRef = OBJ_27 /* ExclusionFilter.swift */; };
		OBJ_118 /* GammaFilter.swift in Sources */ = {isa = PBXBuildFile; fileRef = OBJ_28 /* GammaFilter.swift */; };
		OBJ_119 /* GlowFilter.swift in Sources */ = {isa = PBXBuildFile; fileRef = OBJ_29 /* GlowFilter.swift */; };
		OBJ_120 /* GreyscaleFilter.swift in Sources */ = {isa = PBXBuildFile; fileRef = OBJ_30 /* GreyscaleFilter.swift */; };
		OBJ_121 /* HardLightFilter.swift in Sources */ = {isa = PBXBuildFile; fileRef = OBJ_31 /* HardLightFilter.swift */; };
		OBJ_122 /* HardMixFilter.swift in Sources */ = {isa = PBXBuildFile; fileRef = OBJ_32 /* HardMixFilter.swift */; };
		OBJ_123 /* HueFilter.swift in Sources */ = {isa = PBXBuildFile; fileRef = OBJ_33 /* HueFilter.swift */; };
		OBJ_124 /* InvertFilter.swift in Sources */ = {isa = PBXBuildFile; fileRef = OBJ_34 /* InvertFilter.swift */; };
		OBJ_125 /* LightenFilter.swift in Sources */ = {isa = PBXBuildFile; fileRef = OBJ_35 /* LightenFilter.swift */; };
		OBJ_126 /* LinearBurnFilter.swift in Sources */ = {isa = PBXBuildFile; fileRef = OBJ_36 /* LinearBurnFilter.swift */; };
		OBJ_127 /* LinearDodgeFilter.swift in Sources */ = {isa = PBXBuildFile; fileRef = OBJ_37 /* LinearDodgeFilter.swift */; };
		OBJ_128 /* LinearLightFilter.swift in Sources */ = {isa = PBXBuildFile; fileRef = OBJ_38 /* LinearLightFilter.swift */; };
		OBJ_129 /* LuminosityFilter.swift in Sources */ = {isa = PBXBuildFile; fileRef = OBJ_39 /* LuminosityFilter.swift */; };
		OBJ_130 /* MonochromeFilter.swift in Sources */ = {isa = PBXBuildFile; fileRef = OBJ_40 /* MonochromeFilter.swift */; };
		OBJ_131 /* MultiplyFilter.swift in Sources */ = {isa = PBXBuildFile; fileRef = OBJ_41 /* MultiplyFilter.swift */; };
		OBJ_132 /* NegativeFilter.swift in Sources */ = {isa = PBXBuildFile; fileRef = OBJ_42 /* NegativeFilter.swift */; };
		OBJ_133 /* NormalFilter.swift in Sources */ = {isa = PBXBuildFile; fileRef = OBJ_43 /* NormalFilter.swift */; };
		OBJ_134 /* OverlayFilter.swift in Sources */ = {isa = PBXBuildFile; fileRef = OBJ_44 /* OverlayFilter.swift */; };
		OBJ_135 /* PhoenixFilter.swift in Sources */ = {isa = PBXBuildFile; fileRef = OBJ_45 /* PhoenixFilter.swift */; };
		OBJ_136 /* PinLightFilter.swift in Sources */ = {isa = PBXBuildFile; fileRef = OBJ_46 /* PinLightFilter.swift */; };
		OBJ_137 /* PosterizeFilter.swift in Sources */ = {isa = PBXBuildFile; fileRef = OBJ_47 /* PosterizeFilter.swift */; };
		OBJ_138 /* ReflectFilter.swift in Sources */ = {isa = PBXBuildFile; fileRef = OBJ_48 /* ReflectFilter.swift */; };
		OBJ_139 /* SaturationFilter.swift in Sources */ = {isa = PBXBuildFile; fileRef = OBJ_49 /* SaturationFilter.swift */; };
		OBJ_140 /* ScreenFilter.swift in Sources */ = {isa = PBXBuildFile; fileRef = OBJ_50 /* ScreenFilter.swift */; };
		OBJ_141 /* SepiaFilter.swift in Sources */ = {isa = PBXBuildFile; fileRef = OBJ_51 /* SepiaFilter.swift */; };
		OBJ_142 /* SoftLightFilter.swift in Sources */ = {isa = PBXBuildFile; fileRef = OBJ_52 /* SoftLightFilter.swift */; };
		OBJ_143 /* SolarizeFilter.swift in Sources */ = {isa = PBXBuildFile; fileRef = OBJ_53 /* SolarizeFilter.swift */; };
		OBJ_144 /* SubtractFilter.swift in Sources */ = {isa = PBXBuildFile; fileRef = OBJ_54 /* SubtractFilter.swift */; };
		OBJ_145 /* SwizzlingFilter.swift in Sources */ = {isa = PBXBuildFile; fileRef = OBJ_55 /* SwizzlingFilter.swift */; };
		OBJ_146 /* TextureAppendFilter.swift in Sources */ = {isa = PBXBuildFile; fileRef = OBJ_56 /* TextureAppendFilter.swift */; };
		OBJ_147 /* VibranceFilter.swift in Sources */ = {isa = PBXBuildFile; fileRef = OBJ_57 /* VibranceFilter.swift */; };
		OBJ_148 /* VividLightFilter.swift in Sources */ = {isa = PBXBuildFile; fileRef = OBJ_58 /* VividLightFilter.swift */; };
		OBJ_149 /* FlexibleImage.swift in Sources */ = {isa = PBXBuildFile; fileRef = OBJ_59 /* FlexibleImage.swift */; };
		OBJ_150 /* AlgorithmType.swift in Sources */ = {isa = PBXBuildFile; fileRef = OBJ_61 /* AlgorithmType.swift */; };
		OBJ_151 /* ContextType.swift in Sources */ = {isa = PBXBuildFile; fileRef = OBJ_62 /* ContextType.swift */; };
		OBJ_152 /* CornerType.swift in Sources */ = {isa = PBXBuildFile; fileRef = OBJ_63 /* CornerType.swift */; };
		OBJ_153 /* EdgeInsets.swift in Sources */ = {isa = PBXBuildFile; fileRef = OBJ_64 /* EdgeInsets.swift */; };
		OBJ_154 /* FIBezierPath.swift in Sources */ = {isa = PBXBuildFile; fileRef = OBJ_65 /* FIBezierPath.swift */; };
		OBJ_155 /* FIColor.swift in Sources */ = {isa = PBXBuildFile; fileRef = OBJ_66 /* FIColor.swift */; };
		OBJ_156 /* FIColorType.swift in Sources */ = {isa = PBXBuildFile; fileRef = OBJ_67 /* FIColorType.swift */; };
		OBJ_157 /* FIImage.swift in Sources */ = {isa = PBXBuildFile; fileRef = OBJ_68 /* FIImage.swift */; };
		OBJ_87 /* Package.swift in Sources */ = {isa = PBXBuildFile; fileRef = OBJ_6 /* Package.swift */; };
		OBJ_93 /* FlexibleImageTests.swift in Sources */ = {isa = PBXBuildFile; fileRef = OBJ_71 /* FlexibleImageTests.swift */; };
		OBJ_95 /* FlexibleImage.framework in Frameworks */ = {isa = PBXBuildFile; fileRef = "FlexibleImage::FlexibleImage::Product" /* FlexibleImage.framework */; };
/* End PBXBuildFile section */

/* Begin PBXContainerItemProxy section */
		82928B1E214E3FB500F62EB9 /* PBXContainerItemProxy */ = {
			isa = PBXContainerItemProxy;
			containerPortal = OBJ_1 /* Project object */;
			proxyType = 1;
			remoteGlobalIDString = "FlexibleImage::FlexibleImage";
			remoteInfo = FlexibleImage;
		};
		82928B1F214E3FB500F62EB9 /* PBXContainerItemProxy */ = {
			isa = PBXContainerItemProxy;
			containerPortal = OBJ_1 /* Project object */;
			proxyType = 1;
			remoteGlobalIDString = "FlexibleImage::FlexibleImageTests";
			remoteInfo = FlexibleImageTests;
		};
/* End PBXContainerItemProxy section */

/* Begin PBXFileReference section */
		"FlexibleImage::FlexibleImage::Product" /* FlexibleImage.framework */ = {isa = PBXFileReference; explicitFileType = wrapper.framework; path = FlexibleImage.framework; sourceTree = BUILT_PRODUCTS_DIR; };
		"FlexibleImage::FlexibleImageTests::Product" /* FlexibleImageTests.xctest */ = {isa = PBXFileReference; lastKnownFileType = file; path = FlexibleImageTests.xctest; sourceTree = BUILT_PRODUCTS_DIR; };
		OBJ_10 /* ImageDevice.swift */ = {isa = PBXFileReference; lastKnownFileType = sourcecode.swift; path = ImageDevice.swift; sourceTree = "<group>"; };
		OBJ_11 /* ImageFilter.swift */ = {isa = PBXFileReference; lastKnownFileType = sourcecode.swift; path = ImageFilter.swift; sourceTree = "<group>"; };
		OBJ_13 /* ImageMetalDevice.swift */ = {isa = PBXFileReference; lastKnownFileType = sourcecode.swift; path = ImageMetalDevice.swift; sourceTree = "<group>"; };
		OBJ_14 /* ImageNoneDevice.swift */ = {isa = PBXFileReference; lastKnownFileType = sourcecode.swift; path = ImageNoneDevice.swift; sourceTree = "<group>"; };
		OBJ_16 /* AddFilter.swift */ = {isa = PBXFileReference; lastKnownFileType = sourcecode.swift; path = AddFilter.swift; sourceTree = "<group>"; };
		OBJ_17 /* AverageFilter.swift */ = {isa = PBXFileReference; lastKnownFileType = sourcecode.swift; path = AverageFilter.swift; sourceTree = "<group>"; };
		OBJ_18 /* BlurFilter.swift */ = {isa = PBXFileReference; lastKnownFileType = sourcecode.swift; path = BlurFilter.swift; sourceTree = "<group>"; };
		OBJ_19 /* BrightnessFilter.swift */ = {isa = PBXFileReference; lastKnownFileType = sourcecode.swift; path = BrightnessFilter.swift; sourceTree = "<group>"; };
		OBJ_20 /* ChromaKeyFilter.swift */ = {isa = PBXFileReference; lastKnownFileType = sourcecode.swift; path = ChromaKeyFilter.swift; sourceTree = "<group>"; };
		OBJ_21 /* ColorBurnFilter.swift */ = {isa = PBXFileReference; lastKnownFileType = sourcecode.swift; path = ColorBurnFilter.swift; sourceTree = "<group>"; };
		OBJ_22 /* ColorDodgeFilter.swift */ = {isa = PBXFileReference; lastKnownFileType = sourcecode.swift; path = ColorDodgeFilter.swift; sourceTree = "<group>"; };
		OBJ_23 /* ColorFilter.swift */ = {isa = PBXFileReference; lastKnownFileType = sourcecode.swift; path = ColorFilter.swift; sourceTree = "<group>"; };
		OBJ_24 /* ContrastFilter.swift */ = {isa = PBXFileReference; lastKnownFileType = sourcecode.swift; path = ContrastFilter.swift; sourceTree = "<group>"; };
		OBJ_25 /* DarkenFilter.swift */ = {isa = PBXFileReference; lastKnownFileType = sourcecode.swift; path = DarkenFilter.swift; sourceTree = "<group>"; };
		OBJ_26 /* DifferenceFilter.swift */ = {isa = PBXFileReference; lastKnownFileType = sourcecode.swift; path = DifferenceFilter.swift; sourceTree = "<group>"; };
		OBJ_27 /* ExclusionFilter.swift */ = {isa = PBXFileReference; lastKnownFileType = sourcecode.swift; path = ExclusionFilter.swift; sourceTree = "<group>"; };
		OBJ_28 /* GammaFilter.swift */ = {isa = PBXFileReference; lastKnownFileType = sourcecode.swift; path = GammaFilter.swift; sourceTree = "<group>"; };
		OBJ_29 /* GlowFilter.swift */ = {isa = PBXFileReference; lastKnownFileType = sourcecode.swift; path = GlowFilter.swift; sourceTree = "<group>"; };
		OBJ_30 /* GreyscaleFilter.swift */ = {isa = PBXFileReference; lastKnownFileType = sourcecode.swift; path = GreyscaleFilter.swift; sourceTree = "<group>"; };
		OBJ_31 /* HardLightFilter.swift */ = {isa = PBXFileReference; lastKnownFileType = sourcecode.swift; path = HardLightFilter.swift; sourceTree = "<group>"; };
		OBJ_32 /* HardMixFilter.swift */ = {isa = PBXFileReference; lastKnownFileType = sourcecode.swift; path = HardMixFilter.swift; sourceTree = "<group>"; };
		OBJ_33 /* HueFilter.swift */ = {isa = PBXFileReference; lastKnownFileType = sourcecode.swift; path = HueFilter.swift; sourceTree = "<group>"; };
		OBJ_34 /* InvertFilter.swift */ = {isa = PBXFileReference; lastKnownFileType = sourcecode.swift; path = InvertFilter.swift; sourceTree = "<group>"; };
		OBJ_35 /* LightenFilter.swift */ = {isa = PBXFileReference; lastKnownFileType = sourcecode.swift; path = LightenFilter.swift; sourceTree = "<group>"; };
		OBJ_36 /* LinearBurnFilter.swift */ = {isa = PBXFileReference; lastKnownFileType = sourcecode.swift; path = LinearBurnFilter.swift; sourceTree = "<group>"; };
		OBJ_37 /* LinearDodgeFilter.swift */ = {isa = PBXFileReference; lastKnownFileType = sourcecode.swift; path = LinearDodgeFilter.swift; sourceTree = "<group>"; };
		OBJ_38 /* LinearLightFilter.swift */ = {isa = PBXFileReference; lastKnownFileType = sourcecode.swift; path = LinearLightFilter.swift; sourceTree = "<group>"; };
		OBJ_39 /* LuminosityFilter.swift */ = {isa = PBXFileReference; lastKnownFileType = sourcecode.swift; path = LuminosityFilter.swift; sourceTree = "<group>"; };
		OBJ_40 /* MonochromeFilter.swift */ = {isa = PBXFileReference; lastKnownFileType = sourcecode.swift; path = MonochromeFilter.swift; sourceTree = "<group>"; };
		OBJ_41 /* MultiplyFilter.swift */ = {isa = PBXFileReference; lastKnownFileType = sourcecode.swift; path = MultiplyFilter.swift; sourceTree = "<group>"; };
		OBJ_42 /* NegativeFilter.swift */ = {isa = PBXFileReference; lastKnownFileType = sourcecode.swift; path = NegativeFilter.swift; sourceTree = "<group>"; };
		OBJ_43 /* NormalFilter.swift */ = {isa = PBXFileReference; lastKnownFileType = sourcecode.swift; path = NormalFilter.swift; sourceTree = "<group>"; };
		OBJ_44 /* OverlayFilter.swift */ = {isa = PBXFileReference; lastKnownFileType = sourcecode.swift; path = OverlayFilter.swift; sourceTree = "<group>"; };
		OBJ_45 /* PhoenixFilter.swift */ = {isa = PBXFileReference; lastKnownFileType = sourcecode.swift; path = PhoenixFilter.swift; sourceTree = "<group>"; };
		OBJ_46 /* PinLightFilter.swift */ = {isa = PBXFileReference; lastKnownFileType = sourcecode.swift; path = PinLightFilter.swift; sourceTree = "<group>"; };
		OBJ_47 /* PosterizeFilter.swift */ = {isa = PBXFileReference; lastKnownFileType = sourcecode.swift; path = PosterizeFilter.swift; sourceTree = "<group>"; };
		OBJ_48 /* ReflectFilter.swift */ = {isa = PBXFileReference; lastKnownFileType = sourcecode.swift; path = ReflectFilter.swift; sourceTree = "<group>"; };
		OBJ_49 /* SaturationFilter.swift */ = {isa = PBXFileReference; lastKnownFileType = sourcecode.swift; path = SaturationFilter.swift; sourceTree = "<group>"; };
		OBJ_50 /* ScreenFilter.swift */ = {isa = PBXFileReference; lastKnownFileType = sourcecode.swift; path = ScreenFilter.swift; sourceTree = "<group>"; };
		OBJ_51 /* SepiaFilter.swift */ = {isa = PBXFileReference; lastKnownFileType = sourcecode.swift; path = SepiaFilter.swift; sourceTree = "<group>"; };
		OBJ_52 /* SoftLightFilter.swift */ = {isa = PBXFileReference; lastKnownFileType = sourcecode.swift; path = SoftLightFilter.swift; sourceTree = "<group>"; };
		OBJ_53 /* SolarizeFilter.swift */ = {isa = PBXFileReference; lastKnownFileType = sourcecode.swift; path = SolarizeFilter.swift; sourceTree = "<group>"; };
		OBJ_54 /* SubtractFilter.swift */ = {isa = PBXFileReference; lastKnownFileType = sourcecode.swift; path = SubtractFilter.swift; sourceTree = "<group>"; };
		OBJ_55 /* SwizzlingFilter.swift */ = {isa = PBXFileReference; lastKnownFileType = sourcecode.swift; path = SwizzlingFilter.swift; sourceTree = "<group>"; };
		OBJ_56 /* TextureAppendFilter.swift */ = {isa = PBXFileReference; lastKnownFileType = sourcecode.swift; path = TextureAppendFilter.swift; sourceTree = "<group>"; };
		OBJ_57 /* VibranceFilter.swift */ = {isa = PBXFileReference; lastKnownFileType = sourcecode.swift; path = VibranceFilter.swift; sourceTree = "<group>"; };
		OBJ_58 /* VividLightFilter.swift */ = {isa = PBXFileReference; lastKnownFileType = sourcecode.swift; path = VividLightFilter.swift; sourceTree = "<group>"; };
		OBJ_59 /* FlexibleImage.swift */ = {isa = PBXFileReference; lastKnownFileType = sourcecode.swift; path = FlexibleImage.swift; sourceTree = "<group>"; };
		OBJ_6 /* Package.swift */ = {isa = PBXFileReference; explicitFileType = sourcecode.swift; path = Package.swift; sourceTree = "<group>"; };
		OBJ_61 /* AlgorithmType.swift */ = {isa = PBXFileReference; lastKnownFileType = sourcecode.swift; path = AlgorithmType.swift; sourceTree = "<group>"; };
		OBJ_62 /* ContextType.swift */ = {isa = PBXFileReference; lastKnownFileType = sourcecode.swift; path = ContextType.swift; sourceTree = "<group>"; };
		OBJ_63 /* CornerType.swift */ = {isa = PBXFileReference; lastKnownFileType = sourcecode.swift; path = CornerType.swift; sourceTree = "<group>"; };
		OBJ_64 /* EdgeInsets.swift */ = {isa = PBXFileReference; lastKnownFileType = sourcecode.swift; path = EdgeInsets.swift; sourceTree = "<group>"; };
		OBJ_65 /* FIBezierPath.swift */ = {isa = PBXFileReference; lastKnownFileType = sourcecode.swift; path = FIBezierPath.swift; sourceTree = "<group>"; };
		OBJ_66 /* FIColor.swift */ = {isa = PBXFileReference; lastKnownFileType = sourcecode.swift; path = FIColor.swift; sourceTree = "<group>"; };
		OBJ_67 /* FIColorType.swift */ = {isa = PBXFileReference; lastKnownFileType = sourcecode.swift; path = FIColorType.swift; sourceTree = "<group>"; };
		OBJ_68 /* FIImage.swift */ = {isa = PBXFileReference; lastKnownFileType = sourcecode.swift; path = FIImage.swift; sourceTree = "<group>"; };
		OBJ_71 /* FlexibleImageTests.swift */ = {isa = PBXFileReference; lastKnownFileType = sourcecode.swift; path = FlexibleImageTests.swift; sourceTree = "<group>"; };
		OBJ_72 /* Examples */ = {isa = PBXFileReference; lastKnownFileType = folder; path = Examples; sourceTree = SOURCE_ROOT; };
		OBJ_73 /* FlexibleImage.xcworkspace */ = {isa = PBXFileReference; lastKnownFileType = wrapper.workspace; path = FlexibleImage.xcworkspace; sourceTree = SOURCE_ROOT; };
		OBJ_74 /* FlexibleImageiOS */ = {isa = PBXFileReference; lastKnownFileType = folder; path = FlexibleImageiOS; sourceTree = SOURCE_ROOT; };
		OBJ_75 /* FlexibleImageMacOS */ = {isa = PBXFileReference; lastKnownFileType = folder; path = FlexibleImageMacOS; sourceTree = SOURCE_ROOT; };
		OBJ_76 /* FlexibleImageTvOS */ = {isa = PBXFileReference; lastKnownFileType = folder; path = FlexibleImageTvOS; sourceTree = SOURCE_ROOT; };
		OBJ_77 /* FlexibleImageWatchOS */ = {isa = PBXFileReference; lastKnownFileType = folder; path = FlexibleImageWatchOS; sourceTree = SOURCE_ROOT; };
		OBJ_78 /* Preview */ = {isa = PBXFileReference; lastKnownFileType = folder; path = Preview; sourceTree = SOURCE_ROOT; };
/* End PBXFileReference section */

/* Begin PBXFrameworksBuildPhase section */
		OBJ_158 /* Frameworks */ = {
			isa = PBXFrameworksBuildPhase;
			buildActionMask = 0;
			files = (
			);
			runOnlyForDeploymentPostprocessing = 0;
		};
		OBJ_94 /* Frameworks */ = {
			isa = PBXFrameworksBuildPhase;
			buildActionMask = 0;
			files = (
				OBJ_95 /* FlexibleImage.framework in Frameworks */,
			);
			runOnlyForDeploymentPostprocessing = 0;
		};
/* End PBXFrameworksBuildPhase section */

/* Begin PBXGroup section */
		OBJ_12 /* Device */ = {
			isa = PBXGroup;
			children = (
				OBJ_13 /* ImageMetalDevice.swift */,
				OBJ_14 /* ImageNoneDevice.swift */,
			);
			path = Device;
			sourceTree = "<group>";
		};
		OBJ_15 /* Filter */ = {
			isa = PBXGroup;
			children = (
				OBJ_16 /* AddFilter.swift */,
				OBJ_17 /* AverageFilter.swift */,
				OBJ_18 /* BlurFilter.swift */,
				OBJ_19 /* BrightnessFilter.swift */,
				OBJ_20 /* ChromaKeyFilter.swift */,
				OBJ_21 /* ColorBurnFilter.swift */,
				OBJ_22 /* ColorDodgeFilter.swift */,
				OBJ_23 /* ColorFilter.swift */,
				OBJ_24 /* ContrastFilter.swift */,
				OBJ_25 /* DarkenFilter.swift */,
				OBJ_26 /* DifferenceFilter.swift */,
				OBJ_27 /* ExclusionFilter.swift */,
				OBJ_28 /* GammaFilter.swift */,
				OBJ_29 /* GlowFilter.swift */,
				OBJ_30 /* GreyscaleFilter.swift */,
				OBJ_31 /* HardLightFilter.swift */,
				OBJ_32 /* HardMixFilter.swift */,
				OBJ_33 /* HueFilter.swift */,
				OBJ_34 /* InvertFilter.swift */,
				OBJ_35 /* LightenFilter.swift */,
				OBJ_36 /* LinearBurnFilter.swift */,
				OBJ_37 /* LinearDodgeFilter.swift */,
				OBJ_38 /* LinearLightFilter.swift */,
				OBJ_39 /* LuminosityFilter.swift */,
				OBJ_40 /* MonochromeFilter.swift */,
				OBJ_41 /* MultiplyFilter.swift */,
				OBJ_42 /* NegativeFilter.swift */,
				OBJ_43 /* NormalFilter.swift */,
				OBJ_44 /* OverlayFilter.swift */,
				OBJ_45 /* PhoenixFilter.swift */,
				OBJ_46 /* PinLightFilter.swift */,
				OBJ_47 /* PosterizeFilter.swift */,
				OBJ_48 /* ReflectFilter.swift */,
				OBJ_49 /* SaturationFilter.swift */,
				OBJ_50 /* ScreenFilter.swift */,
				OBJ_51 /* SepiaFilter.swift */,
				OBJ_52 /* SoftLightFilter.swift */,
				OBJ_53 /* SolarizeFilter.swift */,
				OBJ_54 /* SubtractFilter.swift */,
				OBJ_55 /* SwizzlingFilter.swift */,
				OBJ_56 /* TextureAppendFilter.swift */,
				OBJ_57 /* VibranceFilter.swift */,
				OBJ_58 /* VividLightFilter.swift */,
			);
			path = Filter;
			sourceTree = "<group>";
		};
		OBJ_5 /*  */ = {
			isa = PBXGroup;
			children = (
				OBJ_6 /* Package.swift */,
				OBJ_7 /* Sources */,
				OBJ_69 /* Tests */,
				OBJ_72 /* Examples */,
				OBJ_73 /* FlexibleImage.xcworkspace */,
				OBJ_74 /* FlexibleImageiOS */,
				OBJ_75 /* FlexibleImageMacOS */,
				OBJ_76 /* FlexibleImageTvOS */,
				OBJ_77 /* FlexibleImageWatchOS */,
				OBJ_78 /* Preview */,
				OBJ_79 /* Products */,
			);
			name = "";
			sourceTree = "<group>";
		};
		OBJ_60 /* Type */ = {
			isa = PBXGroup;
			children = (
				OBJ_61 /* AlgorithmType.swift */,
				OBJ_62 /* ContextType.swift */,
				OBJ_63 /* CornerType.swift */,
				OBJ_64 /* EdgeInsets.swift */,
				OBJ_65 /* FIBezierPath.swift */,
				OBJ_66 /* FIColor.swift */,
				OBJ_67 /* FIColorType.swift */,
				OBJ_68 /* FIImage.swift */,
			);
			path = Type;
			sourceTree = "<group>";
		};
		OBJ_69 /* Tests */ = {
			isa = PBXGroup;
			children = (
				OBJ_70 /* FlexibleImageTests */,
			);
			name = Tests;
			sourceTree = SOURCE_ROOT;
		};
		OBJ_7 /* Sources */ = {
			isa = PBXGroup;
			children = (
				OBJ_8 /* FlexibleImage */,
			);
			name = Sources;
			sourceTree = SOURCE_ROOT;
		};
		OBJ_70 /* FlexibleImageTests */ = {
			isa = PBXGroup;
			children = (
				OBJ_71 /* FlexibleImageTests.swift */,
			);
			name = FlexibleImageTests;
			path = Tests/FlexibleImageTests;
			sourceTree = SOURCE_ROOT;
		};
		OBJ_79 /* Products */ = {
			isa = PBXGroup;
			children = (
				"FlexibleImage::FlexibleImageTests::Product" /* FlexibleImageTests.xctest */,
				"FlexibleImage::FlexibleImage::Product" /* FlexibleImage.framework */,
			);
			name = Products;
			sourceTree = BUILT_PRODUCTS_DIR;
		};
		OBJ_8 /* FlexibleImage */ = {
			isa = PBXGroup;
			children = (
				OBJ_9 /* Abstract */,
				OBJ_12 /* Device */,
				OBJ_15 /* Filter */,
				OBJ_59 /* FlexibleImage.swift */,
				OBJ_60 /* Type */,
			);
			name = FlexibleImage;
			path = Sources/FlexibleImage;
			sourceTree = SOURCE_ROOT;
		};
		OBJ_9 /* Abstract */ = {
			isa = PBXGroup;
			children = (
				OBJ_10 /* ImageDevice.swift */,
				OBJ_11 /* ImageFilter.swift */,
			);
			path = Abstract;
			sourceTree = "<group>";
		};
/* End PBXGroup section */

/* Begin PBXNativeTarget section */
		"FlexibleImage::FlexibleImage" /* FlexibleImage */ = {
			isa = PBXNativeTarget;
			buildConfigurationList = OBJ_98 /* Build configuration list for PBXNativeTarget "FlexibleImage" */;
			buildPhases = (
				OBJ_101 /* Sources */,
				OBJ_158 /* Frameworks */,
			);
			buildRules = (
			);
			dependencies = (
			);
			name = FlexibleImage;
			productName = FlexibleImage;
			productReference = "FlexibleImage::FlexibleImage::Product" /* FlexibleImage.framework */;
			productType = "com.apple.product-type.framework";
		};
		"FlexibleImage::FlexibleImageTests" /* FlexibleImageTests */ = {
			isa = PBXNativeTarget;
			buildConfigurationList = OBJ_89 /* Build configuration list for PBXNativeTarget "FlexibleImageTests" */;
			buildPhases = (
				OBJ_92 /* Sources */,
				OBJ_94 /* Frameworks */,
			);
			buildRules = (
			);
			dependencies = (
				OBJ_96 /* PBXTargetDependency */,
			);
			name = FlexibleImageTests;
			productName = FlexibleImageTests;
			productReference = "FlexibleImage::FlexibleImageTests::Product" /* FlexibleImageTests.xctest */;
			productType = "com.apple.product-type.bundle.unit-test";
		};
		"FlexibleImage::SwiftPMPackageDescription" /* FlexibleImagePackageDescription */ = {
			isa = PBXNativeTarget;
			buildConfigurationList = OBJ_83 /* Build configuration list for PBXNativeTarget "FlexibleImagePackageDescription" */;
			buildPhases = (
				OBJ_86 /* Sources */,
			);
			buildRules = (
			);
			dependencies = (
			);
			name = FlexibleImagePackageDescription;
			productName = FlexibleImagePackageDescription;
			productType = "com.apple.product-type.framework";
		};
/* End PBXNativeTarget section */

/* Begin PBXProject section */
		OBJ_1 /* Project object */ = {
			isa = PBXProject;
			attributes = {
				LastUpgradeCheck = 9999;
			};
			buildConfigurationList = OBJ_2 /* Build configuration list for PBXProject "FlexibleImage" */;
			compatibilityVersion = "Xcode 3.2";
			developmentRegion = English;
			hasScannedForEncodings = 0;
			knownRegions = (
				en,
			);
			mainGroup = OBJ_5 /*  */;
			productRefGroup = OBJ_79 /* Products */;
			projectDirPath = "";
			projectRoot = "";
			targets = (
				"FlexibleImage::SwiftPMPackageDescription" /* FlexibleImagePackageDescription */,
				"FlexibleImage::FlexibleImageTests" /* FlexibleImageTests */,
				"FlexibleImage::FlexibleImage" /* FlexibleImage */,
				"FlexibleImage::FlexibleImagePackageTests::ProductTarget" /* FlexibleImagePackageTests */,
			);
		};
/* End PBXProject section */

/* Begin PBXSourcesBuildPhase section */
		OBJ_101 /* Sources */ = {
			isa = PBXSourcesBuildPhase;
			buildActionMask = 0;
			files = (
				OBJ_102 /* ImageDevice.swift in Sources */,
				OBJ_103 /* ImageFilter.swift in Sources */,
				OBJ_104 /* ImageMetalDevice.swift in Sources */,
				OBJ_105 /* ImageNoneDevice.swift in Sources */,
				OBJ_106 /* AddFilter.swift in Sources */,
				OBJ_107 /* AverageFilter.swift in Sources */,
				OBJ_108 /* BlurFilter.swift in Sources */,
				OBJ_109 /* BrightnessFilter.swift in Sources */,
				OBJ_110 /* ChromaKeyFilter.swift in Sources */,
				OBJ_111 /* ColorBurnFilter.swift in Sources */,
				OBJ_112 /* ColorDodgeFilter.swift in Sources */,
				OBJ_113 /* ColorFilter.swift in Sources */,
				OBJ_114 /* ContrastFilter.swift in Sources */,
				OBJ_115 /* DarkenFilter.swift in Sources */,
				OBJ_116 /* DifferenceFilter.swift in Sources */,
				OBJ_117 /* ExclusionFilter.swift in Sources */,
				OBJ_118 /* GammaFilter.swift in Sources */,
				OBJ_119 /* GlowFilter.swift in Sources */,
				OBJ_120 /* GreyscaleFilter.swift in Sources */,
				OBJ_121 /* HardLightFilter.swift in Sources */,
				OBJ_122 /* HardMixFilter.swift in Sources */,
				OBJ_123 /* HueFilter.swift in Sources */,
				OBJ_124 /* InvertFilter.swift in Sources */,
				OBJ_125 /* LightenFilter.swift in Sources */,
				OBJ_126 /* LinearBurnFilter.swift in Sources */,
				OBJ_127 /* LinearDodgeFilter.swift in Sources */,
				OBJ_128 /* LinearLightFilter.swift in Sources */,
				OBJ_129 /* LuminosityFilter.swift in Sources */,
				OBJ_130 /* MonochromeFilter.swift in Sources */,
				OBJ_131 /* MultiplyFilter.swift in Sources */,
				OBJ_132 /* NegativeFilter.swift in Sources */,
				OBJ_133 /* NormalFilter.swift in Sources */,
				OBJ_134 /* OverlayFilter.swift in Sources */,
				OBJ_135 /* PhoenixFilter.swift in Sources */,
				OBJ_136 /* PinLightFilter.swift in Sources */,
				OBJ_137 /* PosterizeFilter.swift in Sources */,
				OBJ_138 /* ReflectFilter.swift in Sources */,
				OBJ_139 /* SaturationFilter.swift in Sources */,
				OBJ_140 /* ScreenFilter.swift in Sources */,
				OBJ_141 /* SepiaFilter.swift in Sources */,
				OBJ_142 /* SoftLightFilter.swift in Sources */,
				OBJ_143 /* SolarizeFilter.swift in Sources */,
				OBJ_144 /* SubtractFilter.swift in Sources */,
				OBJ_145 /* SwizzlingFilter.swift in Sources */,
				OBJ_146 /* TextureAppendFilter.swift in Sources */,
				OBJ_147 /* VibranceFilter.swift in Sources */,
				OBJ_148 /* VividLightFilter.swift in Sources */,
				OBJ_149 /* FlexibleImage.swift in Sources */,
				OBJ_150 /* AlgorithmType.swift in Sources */,
				OBJ_151 /* ContextType.swift in Sources */,
				OBJ_152 /* CornerType.swift in Sources */,
				OBJ_153 /* EdgeInsets.swift in Sources */,
				OBJ_154 /* FIBezierPath.swift in Sources */,
				OBJ_155 /* FIColor.swift in Sources */,
				OBJ_156 /* FIColorType.swift in Sources */,
				OBJ_157 /* FIImage.swift in Sources */,
			);
			runOnlyForDeploymentPostprocessing = 0;
		};
		OBJ_86 /* Sources */ = {
			isa = PBXSourcesBuildPhase;
			buildActionMask = 0;
			files = (
				OBJ_87 /* Package.swift in Sources */,
			);
			runOnlyForDeploymentPostprocessing = 0;
		};
		OBJ_92 /* Sources */ = {
			isa = PBXSourcesBuildPhase;
			buildActionMask = 0;
			files = (
				OBJ_93 /* FlexibleImageTests.swift in Sources */,
			);
			runOnlyForDeploymentPostprocessing = 0;
		};
/* End PBXSourcesBuildPhase section */

/* Begin PBXTargetDependency section */
		OBJ_163 /* PBXTargetDependency */ = {
			isa = PBXTargetDependency;
			target = "FlexibleImage::FlexibleImageTests" /* FlexibleImageTests */;
			targetProxy = 82928B1F214E3FB500F62EB9 /* PBXContainerItemProxy */;
		};
		OBJ_96 /* PBXTargetDependency */ = {
			isa = PBXTargetDependency;
			target = "FlexibleImage::FlexibleImage" /* FlexibleImage */;
			targetProxy = 82928B1E214E3FB500F62EB9 /* PBXContainerItemProxy */;
		};
/* End PBXTargetDependency section */

/* Begin XCBuildConfiguration section */
		OBJ_100 /* Release */ = {
			isa = XCBuildConfiguration;
			buildSettings = {
				ENABLE_TESTABILITY = YES;
				FRAMEWORK_SEARCH_PATHS = (
					"$(inherited)",
					"$(PLATFORM_DIR)/Developer/Library/Frameworks",
				);
				HEADER_SEARCH_PATHS = "$(inherited)";
				INFOPLIST_FILE = FlexibleImage.xcodeproj/FlexibleImage_Info.plist;
				LD_RUNPATH_SEARCH_PATHS = "$(TOOLCHAIN_DIR)/usr/lib/swift/macosx";
				OTHER_LDFLAGS = "$(inherited)";
				OTHER_SWIFT_FLAGS = "$(inherited)";
				PRODUCT_BUNDLE_IDENTIFIER = FlexibleImage;
				PRODUCT_MODULE_NAME = "$(TARGET_NAME:c99extidentifier)";
				PRODUCT_NAME = "$(TARGET_NAME:c99extidentifier)";
				SKIP_INSTALL = YES;
				SWIFT_VERSION = 4.0;
				TARGET_NAME = FlexibleImage;
			};
			name = Release;
		};
		OBJ_161 /* Debug */ = {
			isa = XCBuildConfiguration;
			buildSettings = {
			};
			name = Debug;
		};
		OBJ_162 /* Release */ = {
			isa = XCBuildConfiguration;
			buildSettings = {
			};
			name = Release;
		};
		OBJ_3 /* Debug */ = {
			isa = XCBuildConfiguration;
			buildSettings = {
				CLANG_ENABLE_OBJC_ARC = YES;
				COMBINE_HIDPI_IMAGES = YES;
				COPY_PHASE_STRIP = NO;
				DEBUG_INFORMATION_FORMAT = dwarf;
				DYLIB_INSTALL_NAME_BASE = "@rpath";
				ENABLE_NS_ASSERTIONS = YES;
				GCC_OPTIMIZATION_LEVEL = 0;
				MACOSX_DEPLOYMENT_TARGET = 10.10;
				ONLY_ACTIVE_ARCH = YES;
				OTHER_SWIFT_FLAGS = "-DXcode";
				PRODUCT_NAME = "$(TARGET_NAME)";
				SDKROOT = macosx;
				SUPPORTED_PLATFORMS = "macosx iphoneos iphonesimulator appletvos appletvsimulator watchos watchsimulator";
				SWIFT_ACTIVE_COMPILATION_CONDITIONS = SWIFT_PACKAGE;
				SWIFT_OPTIMIZATION_LEVEL = "-Onone";
				USE_HEADERMAP = NO;
			};
			name = Debug;
		};
		OBJ_4 /* Release */ = {
			isa = XCBuildConfiguration;
			buildSettings = {
				CLANG_ENABLE_OBJC_ARC = YES;
				COMBINE_HIDPI_IMAGES = YES;
				COPY_PHASE_STRIP = YES;
				DEBUG_INFORMATION_FORMAT = "dwarf-with-dsym";
				DYLIB_INSTALL_NAME_BASE = "@rpath";
				GCC_OPTIMIZATION_LEVEL = s;
				MACOSX_DEPLOYMENT_TARGET = 10.10;
				OTHER_SWIFT_FLAGS = "-DXcode";
				PRODUCT_NAME = "$(TARGET_NAME)";
				SDKROOT = macosx;
				SUPPORTED_PLATFORMS = "macosx iphoneos iphonesimulator appletvos appletvsimulator watchos watchsimulator";
				SWIFT_ACTIVE_COMPILATION_CONDITIONS = SWIFT_PACKAGE;
				SWIFT_OPTIMIZATION_LEVEL = "-Owholemodule";
				USE_HEADERMAP = NO;
			};
			name = Release;
		};
		OBJ_84 /* Debug */ = {
			isa = XCBuildConfiguration;
			buildSettings = {
				LD = /usr/bin/true;
				OTHER_SWIFT_FLAGS = "-swift-version 4 -I /Applications/Xcode.app/Contents/Developer/Toolchains/XcodeDefault.xctoolchain/usr/lib/swift/pm/4 -target x86_64-apple-macosx10.10 -sdk /Applications/Xcode.app/Contents/Developer/Platforms/MacOSX.platform/Developer/SDKs/MacOSX10.13.sdk";
				SWIFT_VERSION = 4.0;
			};
			name = Debug;
		};
		OBJ_85 /* Release */ = {
			isa = XCBuildConfiguration;
			buildSettings = {
				LD = /usr/bin/true;
				OTHER_SWIFT_FLAGS = "-swift-version 4 -I /Applications/Xcode.app/Contents/Developer/Toolchains/XcodeDefault.xctoolchain/usr/lib/swift/pm/4 -target x86_64-apple-macosx10.10 -sdk /Applications/Xcode.app/Contents/Developer/Platforms/MacOSX.platform/Developer/SDKs/MacOSX10.13.sdk";
				SWIFT_VERSION = 4.0;
			};
			name = Release;
		};
		OBJ_90 /* Debug */ = {
			isa = XCBuildConfiguration;
			buildSettings = {
				EMBEDDED_CONTENT_CONTAINS_SWIFT = YES;
				FRAMEWORK_SEARCH_PATHS = (
					"$(inherited)",
					"$(PLATFORM_DIR)/Developer/Library/Frameworks",
				);
				HEADER_SEARCH_PATHS = "$(inherited)";
				INFOPLIST_FILE = FlexibleImage.xcodeproj/FlexibleImageTests_Info.plist;
				LD_RUNPATH_SEARCH_PATHS = "@loader_path/../Frameworks @loader_path/Frameworks";
				OTHER_LDFLAGS = "$(inherited)";
				OTHER_SWIFT_FLAGS = "$(inherited)";
				SWIFT_VERSION = 4.0;
				TARGET_NAME = FlexibleImageTests;
			};
			name = Debug;
		};
		OBJ_91 /* Release */ = {
			isa = XCBuildConfiguration;
			buildSettings = {
				EMBEDDED_CONTENT_CONTAINS_SWIFT = YES;
				FRAMEWORK_SEARCH_PATHS = (
					"$(inherited)",
					"$(PLATFORM_DIR)/Developer/Library/Frameworks",
				);
				HEADER_SEARCH_PATHS = "$(inherited)";
				INFOPLIST_FILE = FlexibleImage.xcodeproj/FlexibleImageTests_Info.plist;
				LD_RUNPATH_SEARCH_PATHS = "@loader_path/../Frameworks @loader_path/Frameworks";
				OTHER_LDFLAGS = "$(inherited)";
				OTHER_SWIFT_FLAGS = "$(inherited)";
				SWIFT_VERSION = 4.0;
				TARGET_NAME = FlexibleImageTests;
			};
			name = Release;
		};
		OBJ_99 /* Debug */ = {
			isa = XCBuildConfiguration;
			buildSettings = {
				ENABLE_TESTABILITY = YES;
				FRAMEWORK_SEARCH_PATHS = (
					"$(inherited)",
					"$(PLATFORM_DIR)/Developer/Library/Frameworks",
				);
				HEADER_SEARCH_PATHS = "$(inherited)";
				INFOPLIST_FILE = FlexibleImage.xcodeproj/FlexibleImage_Info.plist;
				LD_RUNPATH_SEARCH_PATHS = "$(TOOLCHAIN_DIR)/usr/lib/swift/macosx";
				OTHER_LDFLAGS = "$(inherited)";
				OTHER_SWIFT_FLAGS = "$(inherited)";
				PRODUCT_BUNDLE_IDENTIFIER = FlexibleImage;
				PRODUCT_MODULE_NAME = "$(TARGET_NAME:c99extidentifier)";
				PRODUCT_NAME = "$(TARGET_NAME:c99extidentifier)";
				SKIP_INSTALL = YES;
				SWIFT_VERSION = 4.0;
				TARGET_NAME = FlexibleImage;
			};
			name = Debug;
		};
/* End XCBuildConfiguration section */

/* Begin XCConfigurationList section */
		OBJ_160 /* Build configuration list for PBXAggregateTarget "FlexibleImagePackageTests" */ = {
			isa = XCConfigurationList;
			buildConfigurations = (
				OBJ_161 /* Debug */,
				OBJ_162 /* Release */,
			);
			defaultConfigurationIsVisible = 0;
			defaultConfigurationName = Debug;
		};
		OBJ_2 /* Build configuration list for PBXProject "FlexibleImage" */ = {
			isa = XCConfigurationList;
			buildConfigurations = (
				OBJ_3 /* Debug */,
				OBJ_4 /* Release */,
			);
			defaultConfigurationIsVisible = 0;
			defaultConfigurationName = Debug;
		};
		OBJ_83 /* Build configuration list for PBXNativeTarget "FlexibleImagePackageDescription" */ = {
			isa = XCConfigurationList;
			buildConfigurations = (
				OBJ_84 /* Debug */,
				OBJ_85 /* Release */,
			);
			defaultConfigurationIsVisible = 0;
			defaultConfigurationName = Debug;
		};
		OBJ_89 /* Build configuration list for PBXNativeTarget "FlexibleImageTests" */ = {
			isa = XCConfigurationList;
			buildConfigurations = (
				OBJ_90 /* Debug */,
				OBJ_91 /* Release */,
			);
			defaultConfigurationIsVisible = 0;
			defaultConfigurationName = Debug;
		};
		OBJ_98 /* Build configuration list for PBXNativeTarget "FlexibleImage" */ = {
			isa = XCConfigurationList;
			buildConfigurations = (
				OBJ_99 /* Debug */,
				OBJ_100 /* Release */,
			);
			defaultConfigurationIsVisible = 0;
			defaultConfigurationName = Debug;
		};
/* End XCConfigurationList section */
	};
	rootObject = OBJ_1 /* Project object */;
}
